// !$*UTF8*$!
{
	archiveVersion = 1;
	classes = {
	};
	objectVersion = 56;
	objects = {

/* Begin PBXBuildFile section */
		85CDA233D3286C0B1E28E996 /* Pods_Gardener_GardenerUITests.framework in Frameworks */ = {isa = PBXBuildFile; fileRef = 80C115DF6914C18DF7B916A6 /* Pods_Gardener_GardenerUITests.framework */; };
		9F0139EF2B1A7A2E00678519 /* CommentViewModel.swift in Sources */ = {isa = PBXBuildFile; fileRef = 9F0139EE2B1A7A2E00678519 /* CommentViewModel.swift */; };
		9F0414862A6557BF00DD6F2C /* SignUpViewController.swift in Sources */ = {isa = PBXBuildFile; fileRef = 9F0414852A6557BF00DD6F2C /* SignUpViewController.swift */; };
		9F0414882A6557DB00DD6F2C /* SignUpView.swift in Sources */ = {isa = PBXBuildFile; fileRef = 9F0414872A6557DB00DD6F2C /* SignUpView.swift */; };
		9F13E0D129D2D95000651EA0 /* MyViewController.swift in Sources */ = {isa = PBXBuildFile; fileRef = 9F13E0D029D2D95000651EA0 /* MyViewController.swift */; };
		9F13E0D329D2D95D00651EA0 /* ChatListViewController.swift in Sources */ = {isa = PBXBuildFile; fileRef = 9F13E0D229D2D95D00651EA0 /* ChatListViewController.swift */; };
		9F13E0D529D2D96400651EA0 /* HomeViewController.swift in Sources */ = {isa = PBXBuildFile; fileRef = 9F13E0D429D2D96400651EA0 /* HomeViewController.swift */; };
		9F13E0D729D2D97200651EA0 /* CommunityViewController.swift in Sources */ = {isa = PBXBuildFile; fileRef = 9F13E0D629D2D97200651EA0 /* CommunityViewController.swift */; };
		9F13E0D929D2D97C00651EA0 /* GardenViewController.swift in Sources */ = {isa = PBXBuildFile; fileRef = 9F13E0D829D2D97C00651EA0 /* GardenViewController.swift */; };
		9F13E0DF29D2E6AF00651EA0 /* UI.storyboard in Resources */ = {isa = PBXBuildFile; fileRef = 9F13E0DE29D2E6AF00651EA0 /* UI.storyboard */; };
		9F3357CB2A22F2030078843A /* CreateBoardViewController.swift in Sources */ = {isa = PBXBuildFile; fileRef = 9F3357CA2A22F2030078843A /* CreateBoardViewController.swift */; };
		9F5AD0B62AB1B5FE002105DE /* BoardModel.swift in Sources */ = {isa = PBXBuildFile; fileRef = 9F5AD0B52AB1B5FE002105DE /* BoardModel.swift */; };
		9F5AD0B92AB1C03E002105DE /* BoardViewModel.swift in Sources */ = {isa = PBXBuildFile; fileRef = 9F5AD0B82AB1C03E002105DE /* BoardViewModel.swift */; };
		9F687DC42B43009D00A31A2E /* EditBoardViewController.swift in Sources */ = {isa = PBXBuildFile; fileRef = 9F687DC32B43009D00A31A2E /* EditBoardViewController.swift */; };
		9F742C192B1C58C700777DDC /* CommentCollectionViewCell.swift in Sources */ = {isa = PBXBuildFile; fileRef = 9F742C182B1C58C600777DDC /* CommentCollectionViewCell.swift */; };
		9F8F6A662B5130C3004ACF69 /* EditCommentViewController.swift in Sources */ = {isa = PBXBuildFile; fileRef = 9F8F6A652B5130C3004ACF69 /* EditCommentViewController.swift */; };
		9F95B9D72A2DB9E200A5E247 /* CategoryViewController.swift in Sources */ = {isa = PBXBuildFile; fileRef = 9F95B9D62A2DB9E200A5E247 /* CategoryViewController.swift */; };
		9F95B9D92A2DC8B100A5E247 /* Common.swift in Sources */ = {isa = PBXBuildFile; fileRef = 9F95B9D82A2DC8B100A5E247 /* Common.swift */; };
		9F95BA032A31DC3800A5E247 /* ShowPhotoPickerCollectionViewCell.swift in Sources */ = {isa = PBXBuildFile; fileRef = 9F95BA022A31DC3800A5E247 /* ShowPhotoPickerCollectionViewCell.swift */; };
		9F95BA052A31DC5100A5E247 /* SelectedPhotoCollectionViewCell.swift in Sources */ = {isa = PBXBuildFile; fileRef = 9F95BA042A31DC5100A5E247 /* SelectedPhotoCollectionViewCell.swift */; };
		9F9E11BF29C4C3B70090B2E6 /* AppDelegate.swift in Sources */ = {isa = PBXBuildFile; fileRef = 9F9E11BE29C4C3B70090B2E6 /* AppDelegate.swift */; };
		9F9E11C129C4C3B70090B2E6 /* SceneDelegate.swift in Sources */ = {isa = PBXBuildFile; fileRef = 9F9E11C029C4C3B70090B2E6 /* SceneDelegate.swift */; };
		9F9E11C329C4C3B70090B2E6 /* MainTabBarController.swift in Sources */ = {isa = PBXBuildFile; fileRef = 9F9E11C229C4C3B70090B2E6 /* MainTabBarController.swift */; };
		9F9E11C829C4C3B90090B2E6 /* Assets.xcassets in Resources */ = {isa = PBXBuildFile; fileRef = 9F9E11C729C4C3B90090B2E6 /* Assets.xcassets */; };
		9F9E11CB29C4C3B90090B2E6 /* LaunchScreen.storyboard in Resources */ = {isa = PBXBuildFile; fileRef = 9F9E11C929C4C3B90090B2E6 /* LaunchScreen.storyboard */; };
		9F9E11D629C4C3B90090B2E6 /* GardenerTests.swift in Sources */ = {isa = PBXBuildFile; fileRef = 9F9E11D529C4C3B90090B2E6 /* GardenerTests.swift */; };
		9F9E11E029C4C3B90090B2E6 /* GardenerUITests.swift in Sources */ = {isa = PBXBuildFile; fileRef = 9F9E11DF29C4C3B90090B2E6 /* GardenerUITests.swift */; };
		9F9E11E229C4C3B90090B2E6 /* GardenerUITestsLaunchTests.swift in Sources */ = {isa = PBXBuildFile; fileRef = 9F9E11E129C4C3B90090B2E6 /* GardenerUITestsLaunchTests.swift */; };
		9FA37F0B2B0518920065BE3D /* ImageSildeViewController.swift in Sources */ = {isa = PBXBuildFile; fileRef = 9FA37F0A2B0518920065BE3D /* ImageSildeViewController.swift */; };
		9FA37F212B1503700065BE3D /* CommentView.swift in Sources */ = {isa = PBXBuildFile; fileRef = 9FA37F202B1503700065BE3D /* CommentView.swift */; };
		9FA37F232B1710670065BE3D /* CommentWriteView.swift in Sources */ = {isa = PBXBuildFile; fileRef = 9FA37F222B1710670065BE3D /* CommentWriteView.swift */; };
		9FB122562A87AB6F00C346E7 /* FirebaseStorageManager.swift in Sources */ = {isa = PBXBuildFile; fileRef = 9FB122552A87AB6F00C346E7 /* FirebaseStorageManager.swift */; };
		9FB122592A87ABDC00C346E7 /* FirebaseFirestoreManager.swift in Sources */ = {isa = PBXBuildFile; fileRef = 9FB122582A87ABDC00C346E7 /* FirebaseFirestoreManager.swift */; };
		9FB1229B2A8E780800C346E7 /* Toast.swift in Sources */ = {isa = PBXBuildFile; fileRef = 9FB1229A2A8E780800C346E7 /* Toast.swift */; };
		9FB31D2229D90E4A00F02DE0 /* GoogleService-Info.plist in Resources */ = {isa = PBXBuildFile; fileRef = 9FB31D2129D90E4A00F02DE0 /* GoogleService-Info.plist */; };
		9FB31D7129DD962F00F02DE0 /* LoginViewController.swift in Sources */ = {isa = PBXBuildFile; fileRef = 9FB31D7029DD962F00F02DE0 /* LoginViewController.swift */; };
		9FB31D7329DD96AD00F02DE0 /* LoginView.swift in Sources */ = {isa = PBXBuildFile; fileRef = 9FB31D7229DD96AD00F02DE0 /* LoginView.swift */; };
		9FB9E3752B2739B900D5B490 /* ReplyNoticeView.swift in Sources */ = {isa = PBXBuildFile; fileRef = 9FB9E3742B2739B900D5B490 /* ReplyNoticeView.swift */; };
		9FB9E3782B2EF5D400D5B490 /* CommentModel.swift in Sources */ = {isa = PBXBuildFile; fileRef = 9FB9E3772B2EF5D400D5B490 /* CommentModel.swift */; };
		9FCBD8382AE872A500FBBE27 /* Extends.swift in Sources */ = {isa = PBXBuildFile; fileRef = 9FCBD8372AE872A500FBBE27 /* Extends.swift */; };
		9FCBD8872AFA612600FBBE27 /* BoardViewController.swift in Sources */ = {isa = PBXBuildFile; fileRef = 9FCBD8862AFA612600FBBE27 /* BoardViewController.swift */; };
		9FCBD8892AFA641500FBBE27 /* BoardView.swift in Sources */ = {isa = PBXBuildFile; fileRef = 9FCBD8882AFA641500FBBE27 /* BoardView.swift */; };
		9FD29C472B4A6E57007252CC /* LikeBoardModel.swift in Sources */ = {isa = PBXBuildFile; fileRef = 9FD29C462B4A6E56007252CC /* LikeBoardModel.swift */; };
		9FDD56922AA080B500C35268 /* CommunityView.swift in Sources */ = {isa = PBXBuildFile; fileRef = 9FDD56912AA080B500C35268 /* CommunityView.swift */; };
		9FDD56942AA0986800C35268 /* BoardCollectionViewCell.swift in Sources */ = {isa = PBXBuildFile; fileRef = 9FDD56932AA0986800C35268 /* BoardCollectionViewCell.swift */; };
		9FDD56962AA09F1200C35268 /* BoardCellView.swift in Sources */ = {isa = PBXBuildFile; fileRef = 9FDD56952AA09F1200C35268 /* BoardCellView.swift */; };
		9FDFBF482ABB14AB00F5E9B3 /* CreateBoard.swift in Sources */ = {isa = PBXBuildFile; fileRef = 9FDFBF472ABB14AB00F5E9B3 /* CreateBoard.swift */; };
		9FDFBF5D2ABC65B700F5E9B3 /* BoardImageCollectionViewCell.swift in Sources */ = {isa = PBXBuildFile; fileRef = 9FDFBF5C2ABC65B700F5E9B3 /* BoardImageCollectionViewCell.swift */; };
		9FE3FE112B63AFEF00DA26CF /* ChatListView.swift in Sources */ = {isa = PBXBuildFile; fileRef = 9FE3FE102B63AFEF00DA26CF /* ChatListView.swift */; };
		9FE3FE132B63B7AB00DA26CF /* ChatTableViewCell.swift in Sources */ = {isa = PBXBuildFile; fileRef = 9FE3FE122B63B7AB00DA26CF /* ChatTableViewCell.swift */; };
		9FE3FE162B63BB5B00DA26CF /* ChatViewModel.swift in Sources */ = {isa = PBXBuildFile; fileRef = 9FE3FE152B63BB5B00DA26CF /* ChatViewModel.swift */; };
		9FE3FE192B63BB7500DA26CF /* ChatModel.swift in Sources */ = {isa = PBXBuildFile; fileRef = 9FE3FE182B63BB7500DA26CF /* ChatModel.swift */; };
		9FEAE4542B2012EF005DC66E /* UserModel.swift in Sources */ = {isa = PBXBuildFile; fileRef = 9FEAE4532B2012EF005DC66E /* UserModel.swift */; };
		C92EDC768C5B4FE847B40B44 /* Pods_GardenerTests.framework in Frameworks */ = {isa = PBXBuildFile; fileRef = 0CCD6EC441EDEEB71EC22DC0 /* Pods_GardenerTests.framework */; };
		F0F87CBC36ED7911F509BA86 /* Pods_Gardener.framework in Frameworks */ = {isa = PBXBuildFile; fileRef = AF8AE5FE8727CEABFF322993 /* Pods_Gardener.framework */; };
/* End PBXBuildFile section */

/* Begin PBXContainerItemProxy section */
		9F9E11D229C4C3B90090B2E6 /* PBXContainerItemProxy */ = {
			isa = PBXContainerItemProxy;
			containerPortal = 9F9E11B329C4C3B70090B2E6 /* Project object */;
			proxyType = 1;
			remoteGlobalIDString = 9F9E11BA29C4C3B70090B2E6;
			remoteInfo = Gardener;
		};
		9F9E11DC29C4C3B90090B2E6 /* PBXContainerItemProxy */ = {
			isa = PBXContainerItemProxy;
			containerPortal = 9F9E11B329C4C3B70090B2E6 /* Project object */;
			proxyType = 1;
			remoteGlobalIDString = 9F9E11BA29C4C3B70090B2E6;
			remoteInfo = Gardener;
		};
/* End PBXContainerItemProxy section */

/* Begin PBXFileReference section */
		0CCD6EC441EDEEB71EC22DC0 /* Pods_GardenerTests.framework */ = {isa = PBXFileReference; explicitFileType = wrapper.framework; includeInIndex = 0; path = Pods_GardenerTests.framework; sourceTree = BUILT_PRODUCTS_DIR; };
		2735AA8A148D42CE7789FD2D /* Pods-Gardener-GardenerUITests.debug.xcconfig */ = {isa = PBXFileReference; includeInIndex = 1; lastKnownFileType = text.xcconfig; name = "Pods-Gardener-GardenerUITests.debug.xcconfig"; path = "Target Support Files/Pods-Gardener-GardenerUITests/Pods-Gardener-GardenerUITests.debug.xcconfig"; sourceTree = "<group>"; };
		52EFE9FC3CC91C2C015C2D90 /* Pods-GardenerTests.release.xcconfig */ = {isa = PBXFileReference; includeInIndex = 1; lastKnownFileType = text.xcconfig; name = "Pods-GardenerTests.release.xcconfig"; path = "Target Support Files/Pods-GardenerTests/Pods-GardenerTests.release.xcconfig"; sourceTree = "<group>"; };
		7673A8386E10A1990787A4F1 /* Pods-Gardener.release.xcconfig */ = {isa = PBXFileReference; includeInIndex = 1; lastKnownFileType = text.xcconfig; name = "Pods-Gardener.release.xcconfig"; path = "Target Support Files/Pods-Gardener/Pods-Gardener.release.xcconfig"; sourceTree = "<group>"; };
		80C115DF6914C18DF7B916A6 /* Pods_Gardener_GardenerUITests.framework */ = {isa = PBXFileReference; explicitFileType = wrapper.framework; includeInIndex = 0; path = Pods_Gardener_GardenerUITests.framework; sourceTree = BUILT_PRODUCTS_DIR; };
		87E5E5BF433D86A777A9ADDB /* Pods-GardenerTests.debug.xcconfig */ = {isa = PBXFileReference; includeInIndex = 1; lastKnownFileType = text.xcconfig; name = "Pods-GardenerTests.debug.xcconfig"; path = "Target Support Files/Pods-GardenerTests/Pods-GardenerTests.debug.xcconfig"; sourceTree = "<group>"; };
		9F0139EE2B1A7A2E00678519 /* CommentViewModel.swift */ = {isa = PBXFileReference; lastKnownFileType = sourcecode.swift; path = CommentViewModel.swift; sourceTree = "<group>"; };
		9F0414852A6557BF00DD6F2C /* SignUpViewController.swift */ = {isa = PBXFileReference; lastKnownFileType = sourcecode.swift; path = SignUpViewController.swift; sourceTree = "<group>"; };
		9F0414872A6557DB00DD6F2C /* SignUpView.swift */ = {isa = PBXFileReference; lastKnownFileType = sourcecode.swift; path = SignUpView.swift; sourceTree = "<group>"; };
		9F13E0D029D2D95000651EA0 /* MyViewController.swift */ = {isa = PBXFileReference; lastKnownFileType = sourcecode.swift; path = MyViewController.swift; sourceTree = "<group>"; };
		9F13E0D229D2D95D00651EA0 /* ChatListViewController.swift */ = {isa = PBXFileReference; lastKnownFileType = sourcecode.swift; path = ChatListViewController.swift; sourceTree = "<group>"; };
		9F13E0D429D2D96400651EA0 /* HomeViewController.swift */ = {isa = PBXFileReference; lastKnownFileType = sourcecode.swift; path = HomeViewController.swift; sourceTree = "<group>"; };
		9F13E0D629D2D97200651EA0 /* CommunityViewController.swift */ = {isa = PBXFileReference; lastKnownFileType = sourcecode.swift; path = CommunityViewController.swift; sourceTree = "<group>"; };
		9F13E0D829D2D97C00651EA0 /* GardenViewController.swift */ = {isa = PBXFileReference; lastKnownFileType = sourcecode.swift; path = GardenViewController.swift; sourceTree = "<group>"; };
		9F13E0DE29D2E6AF00651EA0 /* UI.storyboard */ = {isa = PBXFileReference; fileEncoding = 4; lastKnownFileType = file.storyboard; path = UI.storyboard; sourceTree = "<group>"; };
		9F3357CA2A22F2030078843A /* CreateBoardViewController.swift */ = {isa = PBXFileReference; lastKnownFileType = sourcecode.swift; path = CreateBoardViewController.swift; sourceTree = "<group>"; wrapsLines = 0; };
		9F5AD0B52AB1B5FE002105DE /* BoardModel.swift */ = {isa = PBXFileReference; lastKnownFileType = sourcecode.swift; path = BoardModel.swift; sourceTree = "<group>"; };
		9F5AD0B82AB1C03E002105DE /* BoardViewModel.swift */ = {isa = PBXFileReference; lastKnownFileType = sourcecode.swift; path = BoardViewModel.swift; sourceTree = "<group>"; };
		9F687DC32B43009D00A31A2E /* EditBoardViewController.swift */ = {isa = PBXFileReference; lastKnownFileType = sourcecode.swift; path = EditBoardViewController.swift; sourceTree = "<group>"; };
		9F742C182B1C58C600777DDC /* CommentCollectionViewCell.swift */ = {isa = PBXFileReference; lastKnownFileType = sourcecode.swift; path = CommentCollectionViewCell.swift; sourceTree = "<group>"; };
		9F8F6A652B5130C3004ACF69 /* EditCommentViewController.swift */ = {isa = PBXFileReference; lastKnownFileType = sourcecode.swift; path = EditCommentViewController.swift; sourceTree = "<group>"; };
		9F95B9D62A2DB9E200A5E247 /* CategoryViewController.swift */ = {isa = PBXFileReference; lastKnownFileType = sourcecode.swift; path = CategoryViewController.swift; sourceTree = "<group>"; };
		9F95B9D82A2DC8B100A5E247 /* Common.swift */ = {isa = PBXFileReference; lastKnownFileType = sourcecode.swift; path = Common.swift; sourceTree = "<group>"; };
		9F95BA022A31DC3800A5E247 /* ShowPhotoPickerCollectionViewCell.swift */ = {isa = PBXFileReference; lastKnownFileType = sourcecode.swift; path = ShowPhotoPickerCollectionViewCell.swift; sourceTree = "<group>"; };
		9F95BA042A31DC5100A5E247 /* SelectedPhotoCollectionViewCell.swift */ = {isa = PBXFileReference; lastKnownFileType = sourcecode.swift; path = SelectedPhotoCollectionViewCell.swift; sourceTree = "<group>"; };
		9F9E11BB29C4C3B70090B2E6 /* Gardener.app */ = {isa = PBXFileReference; explicitFileType = wrapper.application; includeInIndex = 0; path = Gardener.app; sourceTree = BUILT_PRODUCTS_DIR; };
		9F9E11BE29C4C3B70090B2E6 /* AppDelegate.swift */ = {isa = PBXFileReference; lastKnownFileType = sourcecode.swift; path = AppDelegate.swift; sourceTree = "<group>"; };
		9F9E11C029C4C3B70090B2E6 /* SceneDelegate.swift */ = {isa = PBXFileReference; lastKnownFileType = sourcecode.swift; path = SceneDelegate.swift; sourceTree = "<group>"; };
		9F9E11C229C4C3B70090B2E6 /* MainTabBarController.swift */ = {isa = PBXFileReference; lastKnownFileType = sourcecode.swift; path = MainTabBarController.swift; sourceTree = "<group>"; };
		9F9E11C729C4C3B90090B2E6 /* Assets.xcassets */ = {isa = PBXFileReference; lastKnownFileType = folder.assetcatalog; path = Assets.xcassets; sourceTree = "<group>"; };
		9F9E11CA29C4C3B90090B2E6 /* Base */ = {isa = PBXFileReference; lastKnownFileType = file.storyboard; name = Base; path = Base.lproj/LaunchScreen.storyboard; sourceTree = "<group>"; };
		9F9E11CC29C4C3B90090B2E6 /* Info.plist */ = {isa = PBXFileReference; lastKnownFileType = text.plist.xml; path = Info.plist; sourceTree = "<group>"; };
		9F9E11D129C4C3B90090B2E6 /* GardenerTests.xctest */ = {isa = PBXFileReference; explicitFileType = wrapper.cfbundle; includeInIndex = 0; path = GardenerTests.xctest; sourceTree = BUILT_PRODUCTS_DIR; };
		9F9E11D529C4C3B90090B2E6 /* GardenerTests.swift */ = {isa = PBXFileReference; lastKnownFileType = sourcecode.swift; path = GardenerTests.swift; sourceTree = "<group>"; };
		9F9E11DB29C4C3B90090B2E6 /* GardenerUITests.xctest */ = {isa = PBXFileReference; explicitFileType = wrapper.cfbundle; includeInIndex = 0; path = GardenerUITests.xctest; sourceTree = BUILT_PRODUCTS_DIR; };
		9F9E11DF29C4C3B90090B2E6 /* GardenerUITests.swift */ = {isa = PBXFileReference; lastKnownFileType = sourcecode.swift; path = GardenerUITests.swift; sourceTree = "<group>"; };
		9F9E11E129C4C3B90090B2E6 /* GardenerUITestsLaunchTests.swift */ = {isa = PBXFileReference; lastKnownFileType = sourcecode.swift; path = GardenerUITestsLaunchTests.swift; sourceTree = "<group>"; };
		9FA37F0A2B0518920065BE3D /* ImageSildeViewController.swift */ = {isa = PBXFileReference; lastKnownFileType = sourcecode.swift; path = ImageSildeViewController.swift; sourceTree = "<group>"; };
		9FA37F202B1503700065BE3D /* CommentView.swift */ = {isa = PBXFileReference; lastKnownFileType = sourcecode.swift; path = CommentView.swift; sourceTree = "<group>"; };
		9FA37F222B1710670065BE3D /* CommentWriteView.swift */ = {isa = PBXFileReference; lastKnownFileType = sourcecode.swift; path = CommentWriteView.swift; sourceTree = "<group>"; };
		9FB122552A87AB6F00C346E7 /* FirebaseStorageManager.swift */ = {isa = PBXFileReference; lastKnownFileType = sourcecode.swift; path = FirebaseStorageManager.swift; sourceTree = "<group>"; };
		9FB122582A87ABDC00C346E7 /* FirebaseFirestoreManager.swift */ = {isa = PBXFileReference; lastKnownFileType = sourcecode.swift; path = FirebaseFirestoreManager.swift; sourceTree = "<group>"; };
		9FB1229A2A8E780800C346E7 /* Toast.swift */ = {isa = PBXFileReference; lastKnownFileType = sourcecode.swift; path = Toast.swift; sourceTree = "<group>"; };
		9FB31D2129D90E4A00F02DE0 /* GoogleService-Info.plist */ = {isa = PBXFileReference; fileEncoding = 4; lastKnownFileType = text.plist.xml; name = "GoogleService-Info.plist"; path = "../../../../../Downloads/GoogleService-Info.plist"; sourceTree = "<group>"; };
		9FB31D7029DD962F00F02DE0 /* LoginViewController.swift */ = {isa = PBXFileReference; lastKnownFileType = sourcecode.swift; path = LoginViewController.swift; sourceTree = "<group>"; };
		9FB31D7229DD96AD00F02DE0 /* LoginView.swift */ = {isa = PBXFileReference; lastKnownFileType = sourcecode.swift; path = LoginView.swift; sourceTree = "<group>"; };
		9FB9E3742B2739B900D5B490 /* ReplyNoticeView.swift */ = {isa = PBXFileReference; lastKnownFileType = sourcecode.swift; path = ReplyNoticeView.swift; sourceTree = "<group>"; };
		9FB9E3772B2EF5D400D5B490 /* CommentModel.swift */ = {isa = PBXFileReference; lastKnownFileType = sourcecode.swift; path = CommentModel.swift; sourceTree = "<group>"; };
		9FCBD8372AE872A500FBBE27 /* Extends.swift */ = {isa = PBXFileReference; lastKnownFileType = sourcecode.swift; path = Extends.swift; sourceTree = "<group>"; };
		9FCBD8862AFA612600FBBE27 /* BoardViewController.swift */ = {isa = PBXFileReference; lastKnownFileType = sourcecode.swift; path = BoardViewController.swift; sourceTree = "<group>"; };
		9FCBD8882AFA641500FBBE27 /* BoardView.swift */ = {isa = PBXFileReference; lastKnownFileType = sourcecode.swift; path = BoardView.swift; sourceTree = "<group>"; };
		9FD29C462B4A6E56007252CC /* LikeBoardModel.swift */ = {isa = PBXFileReference; lastKnownFileType = sourcecode.swift; path = LikeBoardModel.swift; sourceTree = "<group>"; };
		9FDD56912AA080B500C35268 /* CommunityView.swift */ = {isa = PBXFileReference; lastKnownFileType = sourcecode.swift; path = CommunityView.swift; sourceTree = "<group>"; };
		9FDD56932AA0986800C35268 /* BoardCollectionViewCell.swift */ = {isa = PBXFileReference; lastKnownFileType = sourcecode.swift; path = BoardCollectionViewCell.swift; sourceTree = "<group>"; };
		9FDD56952AA09F1200C35268 /* BoardCellView.swift */ = {isa = PBXFileReference; lastKnownFileType = sourcecode.swift; path = BoardCellView.swift; sourceTree = "<group>"; };
		9FDFBF472ABB14AB00F5E9B3 /* CreateBoard.swift */ = {isa = PBXFileReference; lastKnownFileType = sourcecode.swift; path = CreateBoard.swift; sourceTree = "<group>"; };
		9FDFBF5C2ABC65B700F5E9B3 /* BoardImageCollectionViewCell.swift */ = {isa = PBXFileReference; lastKnownFileType = sourcecode.swift; path = BoardImageCollectionViewCell.swift; sourceTree = "<group>"; };
		9FE3FE102B63AFEF00DA26CF /* ChatListView.swift */ = {isa = PBXFileReference; lastKnownFileType = sourcecode.swift; path = ChatListView.swift; sourceTree = "<group>"; };
		9FE3FE122B63B7AB00DA26CF /* ChatTableViewCell.swift */ = {isa = PBXFileReference; lastKnownFileType = sourcecode.swift; path = ChatTableViewCell.swift; sourceTree = "<group>"; };
		9FE3FE152B63BB5B00DA26CF /* ChatViewModel.swift */ = {isa = PBXFileReference; lastKnownFileType = sourcecode.swift; path = ChatViewModel.swift; sourceTree = "<group>"; };
		9FE3FE182B63BB7500DA26CF /* ChatModel.swift */ = {isa = PBXFileReference; lastKnownFileType = sourcecode.swift; path = ChatModel.swift; sourceTree = "<group>"; };
		9FEAE4532B2012EF005DC66E /* UserModel.swift */ = {isa = PBXFileReference; lastKnownFileType = sourcecode.swift; path = UserModel.swift; sourceTree = "<group>"; };
		AF8AE5FE8727CEABFF322993 /* Pods_Gardener.framework */ = {isa = PBXFileReference; explicitFileType = wrapper.framework; includeInIndex = 0; path = Pods_Gardener.framework; sourceTree = BUILT_PRODUCTS_DIR; };
		D5C8DBF515AC998ACE4F21D9 /* Pods-Gardener-GardenerUITests.release.xcconfig */ = {isa = PBXFileReference; includeInIndex = 1; lastKnownFileType = text.xcconfig; name = "Pods-Gardener-GardenerUITests.release.xcconfig"; path = "Target Support Files/Pods-Gardener-GardenerUITests/Pods-Gardener-GardenerUITests.release.xcconfig"; sourceTree = "<group>"; };
		F0460E96BF1D0276643EFFF3 /* Pods-Gardener.debug.xcconfig */ = {isa = PBXFileReference; includeInIndex = 1; lastKnownFileType = text.xcconfig; name = "Pods-Gardener.debug.xcconfig"; path = "Target Support Files/Pods-Gardener/Pods-Gardener.debug.xcconfig"; sourceTree = "<group>"; };
/* End PBXFileReference section */

/* Begin PBXFrameworksBuildPhase section */
		9F9E11B829C4C3B70090B2E6 /* Frameworks */ = {
			isa = PBXFrameworksBuildPhase;
			buildActionMask = 2147483647;
			files = (
				F0F87CBC36ED7911F509BA86 /* Pods_Gardener.framework in Frameworks */,
			);
			runOnlyForDeploymentPostprocessing = 0;
		};
		9F9E11CE29C4C3B90090B2E6 /* Frameworks */ = {
			isa = PBXFrameworksBuildPhase;
			buildActionMask = 2147483647;
			files = (
				C92EDC768C5B4FE847B40B44 /* Pods_GardenerTests.framework in Frameworks */,
			);
			runOnlyForDeploymentPostprocessing = 0;
		};
		9F9E11D829C4C3B90090B2E6 /* Frameworks */ = {
			isa = PBXFrameworksBuildPhase;
			buildActionMask = 2147483647;
			files = (
				85CDA233D3286C0B1E28E996 /* Pods_Gardener_GardenerUITests.framework in Frameworks */,
			);
			runOnlyForDeploymentPostprocessing = 0;
		};
/* End PBXFrameworksBuildPhase section */

/* Begin PBXGroup section */
		9F0139E92B1A77B600678519 /* ViewModel */ = {
			isa = PBXGroup;
			children = (
				9F0139EE2B1A7A2E00678519 /* CommentViewModel.swift */,
			);
			path = ViewModel;
			sourceTree = "<group>";
		};
		9F0139EA2B1A77C700678519 /* Comment */ = {
			isa = PBXGroup;
			children = (
				9F0139EB2B1A77EE00678519 /* Model */,
				9F0139E92B1A77B600678519 /* ViewModel */,
				9FA37F202B1503700065BE3D /* CommentView.swift */,
				9F742C182B1C58C600777DDC /* CommentCollectionViewCell.swift */,
				9F8F6A642B51309C004ACF69 /* Edit Comment */,
			);
			path = Comment;
			sourceTree = "<group>";
		};
		9F0139EB2B1A77EE00678519 /* Model */ = {
			isa = PBXGroup;
			children = (
				9FB9E3772B2EF5D400D5B490 /* CommentModel.swift */,
			);
			path = Model;
			sourceTree = "<group>";
		};
		9F0414842A65579300DD6F2C /* sign up */ = {
			isa = PBXGroup;
			children = (
				9F0414852A6557BF00DD6F2C /* SignUpViewController.swift */,
				9F0414872A6557DB00DD6F2C /* SignUpView.swift */,
			);
			path = "sign up";
			sourceTree = "<group>";
		};
		9F13E0CB29D2D8D500651EA0 /* Home */ = {
			isa = PBXGroup;
			children = (
				9F13E0D429D2D96400651EA0 /* HomeViewController.swift */,
			);
			path = Home;
			sourceTree = "<group>";
		};
		9F13E0CC29D2D8DA00651EA0 /* My */ = {
			isa = PBXGroup;
			children = (
				9F13E0D029D2D95000651EA0 /* MyViewController.swift */,
			);
			path = My;
			sourceTree = "<group>";
		};
		9F13E0CD29D2D8DC00651EA0 /* Garden */ = {
			isa = PBXGroup;
			children = (
				9F13E0D829D2D97C00651EA0 /* GardenViewController.swift */,
			);
			path = Garden;
			sourceTree = "<group>";
		};
		9F13E0CE29D2D8DE00651EA0 /* Community */ = {
			isa = PBXGroup;
			children = (
				9F13E0D629D2D97200651EA0 /* CommunityViewController.swift */,
				9FDD56912AA080B500C35268 /* CommunityView.swift */,
				9F5AD0B32AB1B592002105DE /* Boards */,
				9FCF92B22A22BA5800AF2885 /* Create */,
			);
			path = Community;
			sourceTree = "<group>";
		};
		9F13E0CF29D2D8E000651EA0 /* Chat */ = {
			isa = PBXGroup;
			children = (
				9FE3FE172B63BB6200DA26CF /* Model */,
				9FE3FE142B63BB4900DA26CF /* View Model */,
				9F13E0D229D2D95D00651EA0 /* ChatListViewController.swift */,
				9FE3FE102B63AFEF00DA26CF /* ChatListView.swift */,
				9FE3FE122B63B7AB00DA26CF /* ChatTableViewCell.swift */,
			);
			path = Chat;
			sourceTree = "<group>";
		};
		9F5AD0B32AB1B592002105DE /* Boards */ = {
			isa = PBXGroup;
			children = (
				9F5AD0B42AB1B5D2002105DE /* Model */,
				9F5AD0B72AB1B622002105DE /* ViewModel */,
				9FDFBF5E2ABC77B100F5E9B3 /* image Cell */,
				9FDD56932AA0986800C35268 /* BoardCollectionViewCell.swift */,
				9FDD56952AA09F1200C35268 /* BoardCellView.swift */,
				9FCBD8852AFA60B800FBBE27 /* Board */,
			);
			path = Boards;
			sourceTree = "<group>";
		};
		9F5AD0B42AB1B5D2002105DE /* Model */ = {
			isa = PBXGroup;
			children = (
				9F5AD0B52AB1B5FE002105DE /* BoardModel.swift */,
				9FD29C462B4A6E56007252CC /* LikeBoardModel.swift */,
			);
			path = Model;
			sourceTree = "<group>";
		};
		9F5AD0B72AB1B622002105DE /* ViewModel */ = {
			isa = PBXGroup;
			children = (
				9F5AD0B82AB1C03E002105DE /* BoardViewModel.swift */,
			);
			path = ViewModel;
			sourceTree = "<group>";
		};
		9F687DC22B43006500A31A2E /* Edit Board */ = {
			isa = PBXGroup;
			children = (
				9F687DC32B43009D00A31A2E /* EditBoardViewController.swift */,
			);
			path = "Edit Board";
			sourceTree = "<group>";
		};
		9F8F6A642B51309C004ACF69 /* Edit Comment */ = {
			isa = PBXGroup;
			children = (
				9F8F6A652B5130C3004ACF69 /* EditCommentViewController.swift */,
			);
			path = "Edit Comment";
			sourceTree = "<group>";
		};
		9F95B9DA2A2DCA1C00A5E247 /* Category */ = {
			isa = PBXGroup;
			children = (
				9F95B9D62A2DB9E200A5E247 /* CategoryViewController.swift */,
			);
			path = Category;
			sourceTree = "<group>";
		};
		9F95BA012A31DBC700A5E247 /* Photo Picker */ = {
			isa = PBXGroup;
			children = (
				9F95BA022A31DC3800A5E247 /* ShowPhotoPickerCollectionViewCell.swift */,
				9F95BA042A31DC5100A5E247 /* SelectedPhotoCollectionViewCell.swift */,
			);
			path = "Photo Picker";
			sourceTree = "<group>";
		};
		9F9E11B229C4C3B70090B2E6 = {
			isa = PBXGroup;
			children = (
				9F9E11BD29C4C3B70090B2E6 /* Gardener */,
				9F9E11D429C4C3B90090B2E6 /* GardenerTests */,
				9F9E11DE29C4C3B90090B2E6 /* GardenerUITests */,
				9F9E11BC29C4C3B70090B2E6 /* Products */,
				D2DB879CDE0433B3EC385030 /* Pods */,
				EF031E0B16AD399900C785FA /* Frameworks */,
			);
			sourceTree = "<group>";
		};
		9F9E11BC29C4C3B70090B2E6 /* Products */ = {
			isa = PBXGroup;
			children = (
				9F9E11BB29C4C3B70090B2E6 /* Gardener.app */,
				9F9E11D129C4C3B90090B2E6 /* GardenerTests.xctest */,
				9F9E11DB29C4C3B90090B2E6 /* GardenerUITests.xctest */,
			);
			name = Products;
			sourceTree = "<group>";
		};
		9F9E11BD29C4C3B70090B2E6 /* Gardener */ = {
			isa = PBXGroup;
			children = (
				9FB122542A87AB4A00C346E7 /* Network */,
				9F9E11BE29C4C3B70090B2E6 /* AppDelegate.swift */,
				9F9E11C029C4C3B70090B2E6 /* SceneDelegate.swift */,
				9F9E11C229C4C3B70090B2E6 /* MainTabBarController.swift */,
				9FEAE4512B2012CE005DC66E /* User */,
				9FB31D6F29DD960A00F02DE0 /* login */,
				9F0414842A65579300DD6F2C /* sign up */,
				9F13E0CD29D2D8DC00651EA0 /* Garden */,
				9F13E0CE29D2D8DE00651EA0 /* Community */,
				9F13E0CB29D2D8D500651EA0 /* Home */,
				9F13E0CF29D2D8E000651EA0 /* Chat */,
				9F13E0CC29D2D8DA00651EA0 /* My */,
				9FB122932A8E697300C346E7 /* Popup */,
				9F95B9D82A2DC8B100A5E247 /* Common.swift */,
				9FCBD8372AE872A500FBBE27 /* Extends.swift */,
				9F9E11C729C4C3B90090B2E6 /* Assets.xcassets */,
				9F13E0DE29D2E6AF00651EA0 /* UI.storyboard */,
				9F9E11C929C4C3B90090B2E6 /* LaunchScreen.storyboard */,
				9F9E11CC29C4C3B90090B2E6 /* Info.plist */,
				9FB31D2129D90E4A00F02DE0 /* GoogleService-Info.plist */,
			);
			path = Gardener;
			sourceTree = "<group>";
		};
		9F9E11D429C4C3B90090B2E6 /* GardenerTests */ = {
			isa = PBXGroup;
			children = (
				9F9E11D529C4C3B90090B2E6 /* GardenerTests.swift */,
			);
			path = GardenerTests;
			sourceTree = "<group>";
		};
		9F9E11DE29C4C3B90090B2E6 /* GardenerUITests */ = {
			isa = PBXGroup;
			children = (
				9F9E11DF29C4C3B90090B2E6 /* GardenerUITests.swift */,
				9F9E11E129C4C3B90090B2E6 /* GardenerUITestsLaunchTests.swift */,
			);
			path = GardenerUITests;
			sourceTree = "<group>";
		};
		9FA37F0C2B05189A0065BE3D /* Image Slide */ = {
			isa = PBXGroup;
			children = (
				9FA37F0A2B0518920065BE3D /* ImageSildeViewController.swift */,
			);
			path = "Image Slide";
			sourceTree = "<group>";
		};
		9FB122542A87AB4A00C346E7 /* Network */ = {
			isa = PBXGroup;
			children = (
				9FB9E3762B2EF43800D5B490 /* Model */,
				9FB122552A87AB6F00C346E7 /* FirebaseStorageManager.swift */,
				9FB122582A87ABDC00C346E7 /* FirebaseFirestoreManager.swift */,
			);
			path = Network;
			sourceTree = "<group>";
		};
		9FB122932A8E697300C346E7 /* Popup */ = {
			isa = PBXGroup;
			children = (
				9FB1229A2A8E780800C346E7 /* Toast.swift */,
			);
			path = Popup;
			sourceTree = "<group>";
		};
		9FB31D6F29DD960A00F02DE0 /* login */ = {
			isa = PBXGroup;
			children = (
				9FB31D7029DD962F00F02DE0 /* LoginViewController.swift */,
				9FB31D7229DD96AD00F02DE0 /* LoginView.swift */,
			);
			path = login;
			sourceTree = "<group>";
		};
		9FB9E3762B2EF43800D5B490 /* Model */ = {
			isa = PBXGroup;
			children = (
			);
			path = Model;
			sourceTree = "<group>";
		};
		9FCBD8852AFA60B800FBBE27 /* Board */ = {
			isa = PBXGroup;
			children = (
				9FCBD8862AFA612600FBBE27 /* BoardViewController.swift */,
				9FCBD8882AFA641500FBBE27 /* BoardView.swift */,
				9FA37F222B1710670065BE3D /* CommentWriteView.swift */,
				9FB9E3742B2739B900D5B490 /* ReplyNoticeView.swift */,
				9F0139EA2B1A77C700678519 /* Comment */,
				9FA37F0C2B05189A0065BE3D /* Image Slide */,
				9F687DC22B43006500A31A2E /* Edit Board */,
			);
			path = Board;
			sourceTree = "<group>";
		};
		9FCF92B22A22BA5800AF2885 /* Create */ = {
			isa = PBXGroup;
			children = (
				9FDFBF462ABB149700F5E9B3 /* Model */,
				9F3357CA2A22F2030078843A /* CreateBoardViewController.swift */,
				9F95BA012A31DBC700A5E247 /* Photo Picker */,
				9F95B9DA2A2DCA1C00A5E247 /* Category */,
			);
			path = Create;
			sourceTree = "<group>";
		};
		9FDFBF462ABB149700F5E9B3 /* Model */ = {
			isa = PBXGroup;
			children = (
				9FDFBF472ABB14AB00F5E9B3 /* CreateBoard.swift */,
			);
			path = Model;
			sourceTree = "<group>";
		};
		9FDFBF5E2ABC77B100F5E9B3 /* image Cell */ = {
			isa = PBXGroup;
			children = (
				9FDFBF5C2ABC65B700F5E9B3 /* BoardImageCollectionViewCell.swift */,
			);
			path = "image Cell";
			sourceTree = "<group>";
		};
		9FE3FE142B63BB4900DA26CF /* View Model */ = {
			isa = PBXGroup;
			children = (
				9FE3FE152B63BB5B00DA26CF /* ChatViewModel.swift */,
			);
			path = "View Model";
			sourceTree = "<group>";
		};
		9FE3FE172B63BB6200DA26CF /* Model */ = {
			isa = PBXGroup;
			children = (
				9FE3FE182B63BB7500DA26CF /* ChatModel.swift */,
			);
			path = Model;
			sourceTree = "<group>";
		};
		9FEAE4512B2012CE005DC66E /* User */ = {
			isa = PBXGroup;
			children = (
				9FEAE4522B2012E0005DC66E /* Model */,
			);
			path = User;
			sourceTree = "<group>";
		};
		9FEAE4522B2012E0005DC66E /* Model */ = {
			isa = PBXGroup;
			children = (
				9FEAE4532B2012EF005DC66E /* UserModel.swift */,
			);
			path = Model;
			sourceTree = "<group>";
		};
		D2DB879CDE0433B3EC385030 /* Pods */ = {
			isa = PBXGroup;
			children = (
				F0460E96BF1D0276643EFFF3 /* Pods-Gardener.debug.xcconfig */,
				7673A8386E10A1990787A4F1 /* Pods-Gardener.release.xcconfig */,
				2735AA8A148D42CE7789FD2D /* Pods-Gardener-GardenerUITests.debug.xcconfig */,
				D5C8DBF515AC998ACE4F21D9 /* Pods-Gardener-GardenerUITests.release.xcconfig */,
				87E5E5BF433D86A777A9ADDB /* Pods-GardenerTests.debug.xcconfig */,
				52EFE9FC3CC91C2C015C2D90 /* Pods-GardenerTests.release.xcconfig */,
			);
			path = Pods;
			sourceTree = "<group>";
		};
		EF031E0B16AD399900C785FA /* Frameworks */ = {
			isa = PBXGroup;
			children = (
				AF8AE5FE8727CEABFF322993 /* Pods_Gardener.framework */,
				80C115DF6914C18DF7B916A6 /* Pods_Gardener_GardenerUITests.framework */,
				0CCD6EC441EDEEB71EC22DC0 /* Pods_GardenerTests.framework */,
			);
			name = Frameworks;
			sourceTree = "<group>";
		};
/* End PBXGroup section */

/* Begin PBXNativeTarget section */
		9F9E11BA29C4C3B70090B2E6 /* Gardener */ = {
			isa = PBXNativeTarget;
			buildConfigurationList = 9F9E11E529C4C3B90090B2E6 /* Build configuration list for PBXNativeTarget "Gardener" */;
			buildPhases = (
				39BC405A5B0362F2B57DE4CB /* [CP] Check Pods Manifest.lock */,
				9F9E11B729C4C3B70090B2E6 /* Sources */,
				9F9E11B829C4C3B70090B2E6 /* Frameworks */,
				9F9E11B929C4C3B70090B2E6 /* Resources */,
				A4968561FA0B57E8C8419772 /* [CP] Embed Pods Frameworks */,
			);
			buildRules = (
			);
			dependencies = (
			);
			name = Gardener;
			productName = Gardener;
			productReference = 9F9E11BB29C4C3B70090B2E6 /* Gardener.app */;
			productType = "com.apple.product-type.application";
		};
		9F9E11D029C4C3B90090B2E6 /* GardenerTests */ = {
			isa = PBXNativeTarget;
			buildConfigurationList = 9F9E11E829C4C3B90090B2E6 /* Build configuration list for PBXNativeTarget "GardenerTests" */;
			buildPhases = (
				2DABDBF556AC5979BF2E9073 /* [CP] Check Pods Manifest.lock */,
				9F9E11CD29C4C3B90090B2E6 /* Sources */,
				9F9E11CE29C4C3B90090B2E6 /* Frameworks */,
				9F9E11CF29C4C3B90090B2E6 /* Resources */,
			);
			buildRules = (
			);
			dependencies = (
				9F9E11D329C4C3B90090B2E6 /* PBXTargetDependency */,
			);
			name = GardenerTests;
			productName = GardenerTests;
			productReference = 9F9E11D129C4C3B90090B2E6 /* GardenerTests.xctest */;
			productType = "com.apple.product-type.bundle.unit-test";
		};
		9F9E11DA29C4C3B90090B2E6 /* GardenerUITests */ = {
			isa = PBXNativeTarget;
			buildConfigurationList = 9F9E11EB29C4C3B90090B2E6 /* Build configuration list for PBXNativeTarget "GardenerUITests" */;
			buildPhases = (
				6DC6C48875CFB2A8AADFA266 /* [CP] Check Pods Manifest.lock */,
				9F9E11D729C4C3B90090B2E6 /* Sources */,
				9F9E11D829C4C3B90090B2E6 /* Frameworks */,
				9F9E11D929C4C3B90090B2E6 /* Resources */,
				1EC9ED8EBD7C3BF3D294F976 /* [CP] Embed Pods Frameworks */,
			);
			buildRules = (
			);
			dependencies = (
				9F9E11DD29C4C3B90090B2E6 /* PBXTargetDependency */,
			);
			name = GardenerUITests;
			productName = GardenerUITests;
			productReference = 9F9E11DB29C4C3B90090B2E6 /* GardenerUITests.xctest */;
			productType = "com.apple.product-type.bundle.ui-testing";
		};
/* End PBXNativeTarget section */

/* Begin PBXProject section */
		9F9E11B329C4C3B70090B2E6 /* Project object */ = {
			isa = PBXProject;
			attributes = {
				BuildIndependentTargetsInParallel = 1;
				LastSwiftUpdateCheck = 1420;
				LastUpgradeCheck = 1420;
				TargetAttributes = {
					9F9E11BA29C4C3B70090B2E6 = {
						CreatedOnToolsVersion = 14.2;
					};
					9F9E11D029C4C3B90090B2E6 = {
						CreatedOnToolsVersion = 14.2;
						TestTargetID = 9F9E11BA29C4C3B70090B2E6;
					};
					9F9E11DA29C4C3B90090B2E6 = {
						CreatedOnToolsVersion = 14.2;
						TestTargetID = 9F9E11BA29C4C3B70090B2E6;
					};
				};
			};
			buildConfigurationList = 9F9E11B629C4C3B70090B2E6 /* Build configuration list for PBXProject "Gardener" */;
			compatibilityVersion = "Xcode 14.0";
			developmentRegion = en;
			hasScannedForEncodings = 0;
			knownRegions = (
				en,
				Base,
			);
			mainGroup = 9F9E11B229C4C3B70090B2E6;
			productRefGroup = 9F9E11BC29C4C3B70090B2E6 /* Products */;
			projectDirPath = "";
			projectRoot = "";
			targets = (
				9F9E11BA29C4C3B70090B2E6 /* Gardener */,
				9F9E11D029C4C3B90090B2E6 /* GardenerTests */,
				9F9E11DA29C4C3B90090B2E6 /* GardenerUITests */,
			);
		};
/* End PBXProject section */

/* Begin PBXResourcesBuildPhase section */
		9F9E11B929C4C3B70090B2E6 /* Resources */ = {
			isa = PBXResourcesBuildPhase;
			buildActionMask = 2147483647;
			files = (
				9F9E11CB29C4C3B90090B2E6 /* LaunchScreen.storyboard in Resources */,
				9FB31D2229D90E4A00F02DE0 /* GoogleService-Info.plist in Resources */,
				9F9E11C829C4C3B90090B2E6 /* Assets.xcassets in Resources */,
				9F13E0DF29D2E6AF00651EA0 /* UI.storyboard in Resources */,
			);
			runOnlyForDeploymentPostprocessing = 0;
		};
		9F9E11CF29C4C3B90090B2E6 /* Resources */ = {
			isa = PBXResourcesBuildPhase;
			buildActionMask = 2147483647;
			files = (
			);
			runOnlyForDeploymentPostprocessing = 0;
		};
		9F9E11D929C4C3B90090B2E6 /* Resources */ = {
			isa = PBXResourcesBuildPhase;
			buildActionMask = 2147483647;
			files = (
			);
			runOnlyForDeploymentPostprocessing = 0;
		};
/* End PBXResourcesBuildPhase section */

/* Begin PBXShellScriptBuildPhase section */
		1EC9ED8EBD7C3BF3D294F976 /* [CP] Embed Pods Frameworks */ = {
			isa = PBXShellScriptBuildPhase;
			buildActionMask = 2147483647;
			files = (
			);
			inputFileListPaths = (
				"${PODS_ROOT}/Target Support Files/Pods-Gardener-GardenerUITests/Pods-Gardener-GardenerUITests-frameworks-${CONFIGURATION}-input-files.xcfilelist",
			);
			name = "[CP] Embed Pods Frameworks";
			outputFileListPaths = (
				"${PODS_ROOT}/Target Support Files/Pods-Gardener-GardenerUITests/Pods-Gardener-GardenerUITests-frameworks-${CONFIGURATION}-output-files.xcfilelist",
			);
			runOnlyForDeploymentPostprocessing = 0;
			shellPath = /bin/sh;
			shellScript = "\"${PODS_ROOT}/Target Support Files/Pods-Gardener-GardenerUITests/Pods-Gardener-GardenerUITests-frameworks.sh\"\n";
			showEnvVarsInLog = 0;
		};
		2DABDBF556AC5979BF2E9073 /* [CP] Check Pods Manifest.lock */ = {
			isa = PBXShellScriptBuildPhase;
			buildActionMask = 2147483647;
			files = (
			);
			inputFileListPaths = (
			);
			inputPaths = (
				"${PODS_PODFILE_DIR_PATH}/Podfile.lock",
				"${PODS_ROOT}/Manifest.lock",
			);
			name = "[CP] Check Pods Manifest.lock";
			outputFileListPaths = (
			);
			outputPaths = (
				"$(DERIVED_FILE_DIR)/Pods-GardenerTests-checkManifestLockResult.txt",
			);
			runOnlyForDeploymentPostprocessing = 0;
			shellPath = /bin/sh;
			shellScript = "diff \"${PODS_PODFILE_DIR_PATH}/Podfile.lock\" \"${PODS_ROOT}/Manifest.lock\" > /dev/null\nif [ $? != 0 ] ; then\n    # print error to STDERR\n    echo \"error: The sandbox is not in sync with the Podfile.lock. Run 'pod install' or update your CocoaPods installation.\" >&2\n    exit 1\nfi\n# This output is used by Xcode 'outputs' to avoid re-running this script phase.\necho \"SUCCESS\" > \"${SCRIPT_OUTPUT_FILE_0}\"\n";
			showEnvVarsInLog = 0;
		};
		39BC405A5B0362F2B57DE4CB /* [CP] Check Pods Manifest.lock */ = {
			isa = PBXShellScriptBuildPhase;
			buildActionMask = 2147483647;
			files = (
			);
			inputFileListPaths = (
			);
			inputPaths = (
				"${PODS_PODFILE_DIR_PATH}/Podfile.lock",
				"${PODS_ROOT}/Manifest.lock",
			);
			name = "[CP] Check Pods Manifest.lock";
			outputFileListPaths = (
			);
			outputPaths = (
				"$(DERIVED_FILE_DIR)/Pods-Gardener-checkManifestLockResult.txt",
			);
			runOnlyForDeploymentPostprocessing = 0;
			shellPath = /bin/sh;
			shellScript = "diff \"${PODS_PODFILE_DIR_PATH}/Podfile.lock\" \"${PODS_ROOT}/Manifest.lock\" > /dev/null\nif [ $? != 0 ] ; then\n    # print error to STDERR\n    echo \"error: The sandbox is not in sync with the Podfile.lock. Run 'pod install' or update your CocoaPods installation.\" >&2\n    exit 1\nfi\n# This output is used by Xcode 'outputs' to avoid re-running this script phase.\necho \"SUCCESS\" > \"${SCRIPT_OUTPUT_FILE_0}\"\n";
			showEnvVarsInLog = 0;
		};
		6DC6C48875CFB2A8AADFA266 /* [CP] Check Pods Manifest.lock */ = {
			isa = PBXShellScriptBuildPhase;
			buildActionMask = 2147483647;
			files = (
			);
			inputFileListPaths = (
			);
			inputPaths = (
				"${PODS_PODFILE_DIR_PATH}/Podfile.lock",
				"${PODS_ROOT}/Manifest.lock",
			);
			name = "[CP] Check Pods Manifest.lock";
			outputFileListPaths = (
			);
			outputPaths = (
				"$(DERIVED_FILE_DIR)/Pods-Gardener-GardenerUITests-checkManifestLockResult.txt",
			);
			runOnlyForDeploymentPostprocessing = 0;
			shellPath = /bin/sh;
			shellScript = "diff \"${PODS_PODFILE_DIR_PATH}/Podfile.lock\" \"${PODS_ROOT}/Manifest.lock\" > /dev/null\nif [ $? != 0 ] ; then\n    # print error to STDERR\n    echo \"error: The sandbox is not in sync with the Podfile.lock. Run 'pod install' or update your CocoaPods installation.\" >&2\n    exit 1\nfi\n# This output is used by Xcode 'outputs' to avoid re-running this script phase.\necho \"SUCCESS\" > \"${SCRIPT_OUTPUT_FILE_0}\"\n";
			showEnvVarsInLog = 0;
		};
		A4968561FA0B57E8C8419772 /* [CP] Embed Pods Frameworks */ = {
			isa = PBXShellScriptBuildPhase;
			buildActionMask = 2147483647;
			files = (
			);
			inputFileListPaths = (
				"${PODS_ROOT}/Target Support Files/Pods-Gardener/Pods-Gardener-frameworks-${CONFIGURATION}-input-files.xcfilelist",
			);
			name = "[CP] Embed Pods Frameworks";
			outputFileListPaths = (
				"${PODS_ROOT}/Target Support Files/Pods-Gardener/Pods-Gardener-frameworks-${CONFIGURATION}-output-files.xcfilelist",
			);
			runOnlyForDeploymentPostprocessing = 0;
			shellPath = /bin/sh;
			shellScript = "\"${PODS_ROOT}/Target Support Files/Pods-Gardener/Pods-Gardener-frameworks.sh\"\n";
			showEnvVarsInLog = 0;
		};
/* End PBXShellScriptBuildPhase section */

/* Begin PBXSourcesBuildPhase section */
		9F9E11B729C4C3B70090B2E6 /* Sources */ = {
			isa = PBXSourcesBuildPhase;
			buildActionMask = 2147483647;
			files = (
				9FB31D7129DD962F00F02DE0 /* LoginViewController.swift in Sources */,
				9FA37F0B2B0518920065BE3D /* ImageSildeViewController.swift in Sources */,
				9F9E11C329C4C3B70090B2E6 /* MainTabBarController.swift in Sources */,
				9F95BA032A31DC3800A5E247 /* ShowPhotoPickerCollectionViewCell.swift in Sources */,
				9F95B9D92A2DC8B100A5E247 /* Common.swift in Sources */,
				9FD29C472B4A6E57007252CC /* LikeBoardModel.swift in Sources */,
				9FB122562A87AB6F00C346E7 /* FirebaseStorageManager.swift in Sources */,
				9F9E11BF29C4C3B70090B2E6 /* AppDelegate.swift in Sources */,
				9FEAE4542B2012EF005DC66E /* UserModel.swift in Sources */,
				9FA37F212B1503700065BE3D /* CommentView.swift in Sources */,
				9FE3FE112B63AFEF00DA26CF /* ChatListView.swift in Sources */,
				9FB9E3782B2EF5D400D5B490 /* CommentModel.swift in Sources */,
				9F8F6A662B5130C3004ACF69 /* EditCommentViewController.swift in Sources */,
				9FB9E3752B2739B900D5B490 /* ReplyNoticeView.swift in Sources */,
				9F0414862A6557BF00DD6F2C /* SignUpViewController.swift in Sources */,
				9F13E0D329D2D95D00651EA0 /* ChatListViewController.swift in Sources */,
				9FDFBF5D2ABC65B700F5E9B3 /* BoardImageCollectionViewCell.swift in Sources */,
				9FDFBF482ABB14AB00F5E9B3 /* CreateBoard.swift in Sources */,
				9FCBD8872AFA612600FBBE27 /* BoardViewController.swift in Sources */,
				9FDD56942AA0986800C35268 /* BoardCollectionViewCell.swift in Sources */,
				9FDD56962AA09F1200C35268 /* BoardCellView.swift in Sources */,
				9F95B9D72A2DB9E200A5E247 /* CategoryViewController.swift in Sources */,
				9F742C192B1C58C700777DDC /* CommentCollectionViewCell.swift in Sources */,
				9F13E0D129D2D95000651EA0 /* MyViewController.swift in Sources */,
				9FB122592A87ABDC00C346E7 /* FirebaseFirestoreManager.swift in Sources */,
				9F5AD0B62AB1B5FE002105DE /* BoardModel.swift in Sources */,
				9F5AD0B92AB1C03E002105DE /* BoardViewModel.swift in Sources */,
				9F9E11C129C4C3B70090B2E6 /* SceneDelegate.swift in Sources */,
				9F687DC42B43009D00A31A2E /* EditBoardViewController.swift in Sources */,
				9F95BA052A31DC5100A5E247 /* SelectedPhotoCollectionViewCell.swift in Sources */,
				9FCBD8382AE872A500FBBE27 /* Extends.swift in Sources */,
				9F13E0D929D2D97C00651EA0 /* GardenViewController.swift in Sources */,
				9F13E0D529D2D96400651EA0 /* HomeViewController.swift in Sources */,
				9FA37F232B1710670065BE3D /* CommentWriteView.swift in Sources */,
				9F3357CB2A22F2030078843A /* CreateBoardViewController.swift in Sources */,
				9FE3FE192B63BB7500DA26CF /* ChatModel.swift in Sources */,
				9FDD56922AA080B500C35268 /* CommunityView.swift in Sources */,
				9FB31D7329DD96AD00F02DE0 /* LoginView.swift in Sources */,
				9FB1229B2A8E780800C346E7 /* Toast.swift in Sources */,
				9FCBD8892AFA641500FBBE27 /* BoardView.swift in Sources */,
				9F0414882A6557DB00DD6F2C /* SignUpView.swift in Sources */,
				9F0139EF2B1A7A2E00678519 /* CommentViewModel.swift in Sources */,
				9F13E0D729D2D97200651EA0 /* CommunityViewController.swift in Sources */,
				9FE3FE162B63BB5B00DA26CF /* ChatViewModel.swift in Sources */,
				9FE3FE132B63B7AB00DA26CF /* ChatTableViewCell.swift in Sources */,
			);
			runOnlyForDeploymentPostprocessing = 0;
		};
		9F9E11CD29C4C3B90090B2E6 /* Sources */ = {
			isa = PBXSourcesBuildPhase;
			buildActionMask = 2147483647;
			files = (
				9F9E11D629C4C3B90090B2E6 /* GardenerTests.swift in Sources */,
			);
			runOnlyForDeploymentPostprocessing = 0;
		};
		9F9E11D729C4C3B90090B2E6 /* Sources */ = {
			isa = PBXSourcesBuildPhase;
			buildActionMask = 2147483647;
			files = (
				9F9E11E229C4C3B90090B2E6 /* GardenerUITestsLaunchTests.swift in Sources */,
				9F9E11E029C4C3B90090B2E6 /* GardenerUITests.swift in Sources */,
			);
			runOnlyForDeploymentPostprocessing = 0;
		};
/* End PBXSourcesBuildPhase section */

/* Begin PBXTargetDependency section */
		9F9E11D329C4C3B90090B2E6 /* PBXTargetDependency */ = {
			isa = PBXTargetDependency;
			target = 9F9E11BA29C4C3B70090B2E6 /* Gardener */;
			targetProxy = 9F9E11D229C4C3B90090B2E6 /* PBXContainerItemProxy */;
		};
		9F9E11DD29C4C3B90090B2E6 /* PBXTargetDependency */ = {
			isa = PBXTargetDependency;
			target = 9F9E11BA29C4C3B70090B2E6 /* Gardener */;
			targetProxy = 9F9E11DC29C4C3B90090B2E6 /* PBXContainerItemProxy */;
		};
/* End PBXTargetDependency section */

/* Begin PBXVariantGroup section */
		9F9E11C929C4C3B90090B2E6 /* LaunchScreen.storyboard */ = {
			isa = PBXVariantGroup;
			children = (
				9F9E11CA29C4C3B90090B2E6 /* Base */,
			);
			name = LaunchScreen.storyboard;
			sourceTree = "<group>";
		};
/* End PBXVariantGroup section */

/* Begin XCBuildConfiguration section */
		9F9E11E329C4C3B90090B2E6 /* Debug */ = {
			isa = XCBuildConfiguration;
			buildSettings = {
				ALWAYS_SEARCH_USER_PATHS = NO;
				CLANG_ANALYZER_NONNULL = YES;
				CLANG_ANALYZER_NUMBER_OBJECT_CONVERSION = YES_AGGRESSIVE;
				CLANG_CXX_LANGUAGE_STANDARD = "gnu++20";
				CLANG_ENABLE_MODULES = YES;
				CLANG_ENABLE_OBJC_ARC = YES;
				CLANG_ENABLE_OBJC_WEAK = YES;
				CLANG_WARN_BLOCK_CAPTURE_AUTORELEASING = YES;
				CLANG_WARN_BOOL_CONVERSION = YES;
				CLANG_WARN_COMMA = YES;
				CLANG_WARN_CONSTANT_CONVERSION = YES;
				CLANG_WARN_DEPRECATED_OBJC_IMPLEMENTATIONS = YES;
				CLANG_WARN_DIRECT_OBJC_ISA_USAGE = YES_ERROR;
				CLANG_WARN_DOCUMENTATION_COMMENTS = YES;
				CLANG_WARN_EMPTY_BODY = YES;
				CLANG_WARN_ENUM_CONVERSION = YES;
				CLANG_WARN_INFINITE_RECURSION = YES;
				CLANG_WARN_INT_CONVERSION = YES;
				CLANG_WARN_NON_LITERAL_NULL_CONVERSION = YES;
				CLANG_WARN_OBJC_IMPLICIT_RETAIN_SELF = YES;
				CLANG_WARN_OBJC_LITERAL_CONVERSION = YES;
				CLANG_WARN_OBJC_ROOT_CLASS = YES_ERROR;
				CLANG_WARN_QUOTED_INCLUDE_IN_FRAMEWORK_HEADER = YES;
				CLANG_WARN_RANGE_LOOP_ANALYSIS = YES;
				CLANG_WARN_STRICT_PROTOTYPES = YES;
				CLANG_WARN_SUSPICIOUS_MOVE = YES;
				CLANG_WARN_UNGUARDED_AVAILABILITY = YES_AGGRESSIVE;
				CLANG_WARN_UNREACHABLE_CODE = YES;
				CLANG_WARN__DUPLICATE_METHOD_MATCH = YES;
				COPY_PHASE_STRIP = NO;
				DEBUG_INFORMATION_FORMAT = dwarf;
				ENABLE_STRICT_OBJC_MSGSEND = YES;
				ENABLE_TESTABILITY = YES;
				GCC_C_LANGUAGE_STANDARD = gnu11;
				GCC_DYNAMIC_NO_PIC = NO;
				GCC_NO_COMMON_BLOCKS = YES;
				GCC_OPTIMIZATION_LEVEL = 0;
				GCC_PREPROCESSOR_DEFINITIONS = (
					"DEBUG=1",
					"$(inherited)",
				);
				GCC_WARN_64_TO_32_BIT_CONVERSION = YES;
				GCC_WARN_ABOUT_RETURN_TYPE = YES_ERROR;
				GCC_WARN_UNDECLARED_SELECTOR = YES;
				GCC_WARN_UNINITIALIZED_AUTOS = YES_AGGRESSIVE;
				GCC_WARN_UNUSED_FUNCTION = YES;
				GCC_WARN_UNUSED_VARIABLE = YES;
				IPHONEOS_DEPLOYMENT_TARGET = 16.2;
				MTL_ENABLE_DEBUG_INFO = INCLUDE_SOURCE;
				MTL_FAST_MATH = YES;
				ONLY_ACTIVE_ARCH = YES;
				SDKROOT = iphoneos;
				SWIFT_ACTIVE_COMPILATION_CONDITIONS = DEBUG;
				SWIFT_OPTIMIZATION_LEVEL = "-Onone";
			};
			name = Debug;
		};
		9F9E11E429C4C3B90090B2E6 /* Release */ = {
			isa = XCBuildConfiguration;
			buildSettings = {
				ALWAYS_SEARCH_USER_PATHS = NO;
				CLANG_ANALYZER_NONNULL = YES;
				CLANG_ANALYZER_NUMBER_OBJECT_CONVERSION = YES_AGGRESSIVE;
				CLANG_CXX_LANGUAGE_STANDARD = "gnu++20";
				CLANG_ENABLE_MODULES = YES;
				CLANG_ENABLE_OBJC_ARC = YES;
				CLANG_ENABLE_OBJC_WEAK = YES;
				CLANG_WARN_BLOCK_CAPTURE_AUTORELEASING = YES;
				CLANG_WARN_BOOL_CONVERSION = YES;
				CLANG_WARN_COMMA = YES;
				CLANG_WARN_CONSTANT_CONVERSION = YES;
				CLANG_WARN_DEPRECATED_OBJC_IMPLEMENTATIONS = YES;
				CLANG_WARN_DIRECT_OBJC_ISA_USAGE = YES_ERROR;
				CLANG_WARN_DOCUMENTATION_COMMENTS = YES;
				CLANG_WARN_EMPTY_BODY = YES;
				CLANG_WARN_ENUM_CONVERSION = YES;
				CLANG_WARN_INFINITE_RECURSION = YES;
				CLANG_WARN_INT_CONVERSION = YES;
				CLANG_WARN_NON_LITERAL_NULL_CONVERSION = YES;
				CLANG_WARN_OBJC_IMPLICIT_RETAIN_SELF = YES;
				CLANG_WARN_OBJC_LITERAL_CONVERSION = YES;
				CLANG_WARN_OBJC_ROOT_CLASS = YES_ERROR;
				CLANG_WARN_QUOTED_INCLUDE_IN_FRAMEWORK_HEADER = YES;
				CLANG_WARN_RANGE_LOOP_ANALYSIS = YES;
				CLANG_WARN_STRICT_PROTOTYPES = YES;
				CLANG_WARN_SUSPICIOUS_MOVE = YES;
				CLANG_WARN_UNGUARDED_AVAILABILITY = YES_AGGRESSIVE;
				CLANG_WARN_UNREACHABLE_CODE = YES;
				CLANG_WARN__DUPLICATE_METHOD_MATCH = YES;
				COPY_PHASE_STRIP = NO;
				DEBUG_INFORMATION_FORMAT = "dwarf-with-dsym";
				ENABLE_NS_ASSERTIONS = NO;
				ENABLE_STRICT_OBJC_MSGSEND = YES;
				GCC_C_LANGUAGE_STANDARD = gnu11;
				GCC_NO_COMMON_BLOCKS = YES;
				GCC_WARN_64_TO_32_BIT_CONVERSION = YES;
				GCC_WARN_ABOUT_RETURN_TYPE = YES_ERROR;
				GCC_WARN_UNDECLARED_SELECTOR = YES;
				GCC_WARN_UNINITIALIZED_AUTOS = YES_AGGRESSIVE;
				GCC_WARN_UNUSED_FUNCTION = YES;
				GCC_WARN_UNUSED_VARIABLE = YES;
				IPHONEOS_DEPLOYMENT_TARGET = 16.2;
				MTL_ENABLE_DEBUG_INFO = NO;
				MTL_FAST_MATH = YES;
				SDKROOT = iphoneos;
				SWIFT_COMPILATION_MODE = wholemodule;
				SWIFT_OPTIMIZATION_LEVEL = "-O";
				VALIDATE_PRODUCT = YES;
			};
			name = Release;
		};
		9F9E11E629C4C3B90090B2E6 /* Debug */ = {
			isa = XCBuildConfiguration;
			baseConfigurationReference = F0460E96BF1D0276643EFFF3 /* Pods-Gardener.debug.xcconfig */;
			buildSettings = {
				ASSETCATALOG_COMPILER_APPICON_NAME = AppIcon;
				ASSETCATALOG_COMPILER_GLOBAL_ACCENT_COLOR_NAME = AccentColor;
				CODE_SIGN_STYLE = Automatic;
				CURRENT_PROJECT_VERSION = 1;
				DEVELOPMENT_TEAM = 932AKUPJM7;
				GENERATE_INFOPLIST_FILE = YES;
				INFOPLIST_FILE = Gardener/Info.plist;
				INFOPLIST_KEY_UIApplicationSupportsIndirectInputEvents = YES;
				INFOPLIST_KEY_UILaunchStoryboardName = LaunchScreen;
				INFOPLIST_KEY_UIStatusBarStyle = "";
				INFOPLIST_KEY_UISupportedInterfaceOrientations_iPad = "UIInterfaceOrientationPortrait UIInterfaceOrientationPortraitUpsideDown UIInterfaceOrientationLandscapeLeft UIInterfaceOrientationLandscapeRight";
				INFOPLIST_KEY_UISupportedInterfaceOrientations_iPhone = "UIInterfaceOrientationPortrait UIInterfaceOrientationLandscapeLeft UIInterfaceOrientationLandscapeRight";
				LD_RUNPATH_SEARCH_PATHS = (
					"$(inherited)",
					"@executable_path/Frameworks",
				);
				MARKETING_VERSION = 1.0;
				PRODUCT_BUNDLE_IDENTIFIER = ryuhyeonjin.Gardener;
				PRODUCT_NAME = "$(TARGET_NAME)";
				SWIFT_EMIT_LOC_STRINGS = YES;
				SWIFT_VERSION = 5.0;
				TARGETED_DEVICE_FAMILY = "1,2";
			};
			name = Debug;
		};
		9F9E11E729C4C3B90090B2E6 /* Release */ = {
			isa = XCBuildConfiguration;
			baseConfigurationReference = 7673A8386E10A1990787A4F1 /* Pods-Gardener.release.xcconfig */;
			buildSettings = {
				ASSETCATALOG_COMPILER_APPICON_NAME = AppIcon;
				ASSETCATALOG_COMPILER_GLOBAL_ACCENT_COLOR_NAME = AccentColor;
				CODE_SIGN_STYLE = Automatic;
				CURRENT_PROJECT_VERSION = 1;
				DEVELOPMENT_TEAM = 932AKUPJM7;
				GENERATE_INFOPLIST_FILE = YES;
				INFOPLIST_FILE = Gardener/Info.plist;
				INFOPLIST_KEY_UIApplicationSupportsIndirectInputEvents = YES;
				INFOPLIST_KEY_UILaunchStoryboardName = LaunchScreen;
				INFOPLIST_KEY_UIStatusBarStyle = "";
				INFOPLIST_KEY_UISupportedInterfaceOrientations_iPad = "UIInterfaceOrientationPortrait UIInterfaceOrientationPortraitUpsideDown UIInterfaceOrientationLandscapeLeft UIInterfaceOrientationLandscapeRight";
				INFOPLIST_KEY_UISupportedInterfaceOrientations_iPhone = "UIInterfaceOrientationPortrait UIInterfaceOrientationLandscapeLeft UIInterfaceOrientationLandscapeRight";
				LD_RUNPATH_SEARCH_PATHS = (
					"$(inherited)",
					"@executable_path/Frameworks",
				);
				MARKETING_VERSION = 1.0;
				PRODUCT_BUNDLE_IDENTIFIER = ryuhyeonjin.Gardener;
				PRODUCT_NAME = "$(TARGET_NAME)";
				SWIFT_EMIT_LOC_STRINGS = YES;
				SWIFT_VERSION = 5.0;
				TARGETED_DEVICE_FAMILY = "1,2";
			};
			name = Release;
		};
		9F9E11E929C4C3B90090B2E6 /* Debug */ = {
			isa = XCBuildConfiguration;
			baseConfigurationReference = 87E5E5BF433D86A777A9ADDB /* Pods-GardenerTests.debug.xcconfig */;
			buildSettings = {
				ALWAYS_EMBED_SWIFT_STANDARD_LIBRARIES = YES;
				BUNDLE_LOADER = "$(TEST_HOST)";
				CODE_SIGN_STYLE = Automatic;
				CURRENT_PROJECT_VERSION = 1;
				DEVELOPMENT_TEAM = 932AKUPJM7;
				GENERATE_INFOPLIST_FILE = YES;
				IPHONEOS_DEPLOYMENT_TARGET = 16.2;
				MARKETING_VERSION = 1.0;
				PRODUCT_BUNDLE_IDENTIFIER = ryuhyeonjin.GardenerTests;
				PRODUCT_NAME = "$(TARGET_NAME)";
				SWIFT_EMIT_LOC_STRINGS = NO;
				SWIFT_VERSION = 5.0;
				TARGETED_DEVICE_FAMILY = "1,2";
				TEST_HOST = "$(BUILT_PRODUCTS_DIR)/Gardener.app/$(BUNDLE_EXECUTABLE_FOLDER_PATH)/Gardener";
			};
			name = Debug;
		};
		9F9E11EA29C4C3B90090B2E6 /* Release */ = {
			isa = XCBuildConfiguration;
			baseConfigurationReference = 52EFE9FC3CC91C2C015C2D90 /* Pods-GardenerTests.release.xcconfig */;
			buildSettings = {
				ALWAYS_EMBED_SWIFT_STANDARD_LIBRARIES = YES;
				BUNDLE_LOADER = "$(TEST_HOST)";
				CODE_SIGN_STYLE = Automatic;
				CURRENT_PROJECT_VERSION = 1;
				DEVELOPMENT_TEAM = 932AKUPJM7;
				GENERATE_INFOPLIST_FILE = YES;
				IPHONEOS_DEPLOYMENT_TARGET = 16.2;
				MARKETING_VERSION = 1.0;
				PRODUCT_BUNDLE_IDENTIFIER = ryuhyeonjin.GardenerTests;
				PRODUCT_NAME = "$(TARGET_NAME)";
				SWIFT_EMIT_LOC_STRINGS = NO;
				SWIFT_VERSION = 5.0;
				TARGETED_DEVICE_FAMILY = "1,2";
				TEST_HOST = "$(BUILT_PRODUCTS_DIR)/Gardener.app/$(BUNDLE_EXECUTABLE_FOLDER_PATH)/Gardener";
			};
			name = Release;
		};
		9F9E11EC29C4C3B90090B2E6 /* Debug */ = {
			isa = XCBuildConfiguration;
			baseConfigurationReference = 2735AA8A148D42CE7789FD2D /* Pods-Gardener-GardenerUITests.debug.xcconfig */;
			buildSettings = {
				ALWAYS_EMBED_SWIFT_STANDARD_LIBRARIES = YES;
				CODE_SIGN_STYLE = Automatic;
				CURRENT_PROJECT_VERSION = 1;
				DEVELOPMENT_TEAM = 932AKUPJM7;
				GENERATE_INFOPLIST_FILE = YES;
				MARKETING_VERSION = 1.0;
				PRODUCT_BUNDLE_IDENTIFIER = ryuhyeonjin.GardenerUITests;
				PRODUCT_NAME = "$(TARGET_NAME)";
				SWIFT_EMIT_LOC_STRINGS = NO;
				SWIFT_VERSION = 5.0;
				TARGETED_DEVICE_FAMILY = "1,2";
				TEST_TARGET_NAME = Gardener;
			};
			name = Debug;
		};
		9F9E11ED29C4C3B90090B2E6 /* Release */ = {
			isa = XCBuildConfiguration;
			baseConfigurationReference = D5C8DBF515AC998ACE4F21D9 /* Pods-Gardener-GardenerUITests.release.xcconfig */;
			buildSettings = {
				ALWAYS_EMBED_SWIFT_STANDARD_LIBRARIES = YES;
				CODE_SIGN_STYLE = Automatic;
				CURRENT_PROJECT_VERSION = 1;
				DEVELOPMENT_TEAM = 932AKUPJM7;
				GENERATE_INFOPLIST_FILE = YES;
				MARKETING_VERSION = 1.0;
				PRODUCT_BUNDLE_IDENTIFIER = ryuhyeonjin.GardenerUITests;
				PRODUCT_NAME = "$(TARGET_NAME)";
				SWIFT_EMIT_LOC_STRINGS = NO;
				SWIFT_VERSION = 5.0;
				TARGETED_DEVICE_FAMILY = "1,2";
				TEST_TARGET_NAME = Gardener;
			};
			name = Release;
		};
/* End XCBuildConfiguration section */

/* Begin XCConfigurationList section */
		9F9E11B629C4C3B70090B2E6 /* Build configuration list for PBXProject "Gardener" */ = {
			isa = XCConfigurationList;
			buildConfigurations = (
				9F9E11E329C4C3B90090B2E6 /* Debug */,
				9F9E11E429C4C3B90090B2E6 /* Release */,
			);
			defaultConfigurationIsVisible = 0;
			defaultConfigurationName = Release;
		};
		9F9E11E529C4C3B90090B2E6 /* Build configuration list for PBXNativeTarget "Gardener" */ = {
			isa = XCConfigurationList;
			buildConfigurations = (
				9F9E11E629C4C3B90090B2E6 /* Debug */,
				9F9E11E729C4C3B90090B2E6 /* Release */,
			);
			defaultConfigurationIsVisible = 0;
			defaultConfigurationName = Release;
		};
		9F9E11E829C4C3B90090B2E6 /* Build configuration list for PBXNativeTarget "GardenerTests" */ = {
			isa = XCConfigurationList;
			buildConfigurations = (
				9F9E11E929C4C3B90090B2E6 /* Debug */,
				9F9E11EA29C4C3B90090B2E6 /* Release */,
			);
			defaultConfigurationIsVisible = 0;
			defaultConfigurationName = Release;
		};
		9F9E11EB29C4C3B90090B2E6 /* Build configuration list for PBXNativeTarget "GardenerUITests" */ = {
			isa = XCConfigurationList;
			buildConfigurations = (
				9F9E11EC29C4C3B90090B2E6 /* Debug */,
				9F9E11ED29C4C3B90090B2E6 /* Release */,
			);
			defaultConfigurationIsVisible = 0;
			defaultConfigurationName = Release;
		};
/* End XCConfigurationList section */
	};
	rootObject = 9F9E11B329C4C3B70090B2E6 /* Project object */;
}
